// !$*UTF8*$!
{
	archiveVersion = 1;
	classes = {
	};
	objectVersion = 46;
	objects = {

/* Begin PBXBuildFile section */
		1855B6DB1C73FF9C00915A5D /* AppDelegate.swift in Sources */ = {isa = PBXBuildFile; fileRef = 1855B6DA1C73FF9C00915A5D /* AppDelegate.swift */; };
		1855B6DD1C73FF9C00915A5D /* ViewController.swift in Sources */ = {isa = PBXBuildFile; fileRef = 1855B6DC1C73FF9C00915A5D /* ViewController.swift */; };
		1855B6E01C73FF9C00915A5D /* Main.storyboard in Resources */ = {isa = PBXBuildFile; fileRef = 1855B6DE1C73FF9C00915A5D /* Main.storyboard */; };
		1855B6E21C73FF9C00915A5D /* Assets.xcassets in Resources */ = {isa = PBXBuildFile; fileRef = 1855B6E11C73FF9C00915A5D /* Assets.xcassets */; };
		1855B6E51C73FF9C00915A5D /* LaunchScreen.storyboard in Resources */ = {isa = PBXBuildFile; fileRef = 1855B6E31C73FF9C00915A5D /* LaunchScreen.storyboard */; };
/* End PBXBuildFile section */

/* Begin PBXFileReference section */
		1855B6D71C73FF9C00915A5D /* SuperCoolNew.app */ = {isa = PBXFileReference; explicitFileType = wrapper.application; includeInIndex = 0; path = SuperCoolNew.app; sourceTree = BUILT_PRODUCTS_DIR; };
		1855B6DA1C73FF9C00915A5D /* AppDelegate.swift */ = {isa = PBXFileReference; lastKnownFileType = sourcecode.swift; path = AppDelegate.swift; sourceTree = "<group>"; };
		1855B6DC1C73FF9C00915A5D /* ViewController.swift */ = {isa = PBXFileReference; lastKnownFileType = sourcecode.swift; path = ViewController.swift; sourceTree = "<group>"; };
		1855B6DF1C73FF9C00915A5D /* Base */ = {isa = PBXFileReference; lastKnownFileType = file.storyboard; name = Base; path = Base.lproj/Main.storyboard; sourceTree = "<group>"; };
		1855B6E11C73FF9C00915A5D /* Assets.xcassets */ = {isa = PBXFileReference; lastKnownFileType = folder.assetcatalog; path = Assets.xcassets; sourceTree = "<group>"; };
		1855B6E41C73FF9C00915A5D /* Base */ = {isa = PBXFileReference; lastKnownFileType = file.storyboard; name = Base; path = Base.lproj/LaunchScreen.storyboard; sourceTree = "<group>"; };
		1855B6E61C73FF9C00915A5D /* Info.plist */ = {isa = PBXFileReference; lastKnownFileType = text.plist.xml; path = Info.plist; sourceTree = "<group>"; };
/* End PBXFileReference section */

/* Begin PBXFrameworksBuildPhase section */
		1855B6D41C73FF9C00915A5D /* Frameworks */ = {
			isa = PBXFrameworksBuildPhase;
			buildActionMask = 2147483647;
			files = (
			);
			runOnlyForDeploymentPostprocessing = 0;
		};
/* End PBXFrameworksBuildPhase section */

/* Begin PBXGroup section */
		1855B6CE1C73FF9C00915A5D = {
			isa = PBXGroup;
			children = (
				1855B6D91C73FF9C00915A5D /* SuperCoolNew */,
				1855B6D81C73FF9C00915A5D /* Products */,
			);
			sourceTree = "<group>";
		};
		1855B6D81C73FF9C00915A5D /* Products */ = {
			isa = PBXGroup;
			children = (
				1855B6D71C73FF9C00915A5D /* SuperCoolNew.app */,
			);
			name = Products;
			sourceTree = "<group>";
		};
		1855B6D91C73FF9C00915A5D /* SuperCoolNew */ = {
			isa = PBXGroup;
			children = (
				1855B6DA1C73FF9C00915A5D /* AppDelegate.swift */,
				1855B6DC1C73FF9C00915A5D /* ViewController.swift */,
				1855B6DE1C73FF9C00915A5D /* Main.storyboard */,
				1855B6E11C73FF9C00915A5D /* Assets.xcassets */,
				1855B6E31C73FF9C00915A5D /* LaunchScreen.storyboard */,
				1855B6E61C73FF9C00915A5D /* Info.plist */,
			);
			path = SuperCoolNew;
			sourceTree = "<group>";
		};
/* End PBXGroup section */

/* Begin PBXNativeTarget section */
		1855B6D61C73FF9C00915A5D /* SuperCoolNew */ = {
			isa = PBXNativeTarget;
			buildConfigurationList = 1855B6E91C73FF9C00915A5D /* Build configuration list for PBXNativeTarget "SuperCoolNew" */;
			buildPhases = (
				1855B6D31C73FF9C00915A5D /* Sources */,
				1855B6D41C73FF9C00915A5D /* Frameworks */,
				1855B6D51C73FF9C00915A5D /* Resources */,
			);
			buildRules = (
			);
			dependencies = (
			);
			name = SuperCoolNew;
			productName = SuperCoolNew;
			productReference = 1855B6D71C73FF9C00915A5D /* SuperCoolNew.app */;
			productType = "com.apple.product-type.application";
		};
/* End PBXNativeTarget section */

/* Begin PBXProject section */
		1855B6CF1C73FF9C00915A5D /* Project object */ = {
			isa = PBXProject;
			attributes = {
				LastSwiftUpdateCheck = 0720;
				LastUpgradeCheck = 0720;
				ORGANIZATIONNAME = "ZippyMind, Inc";
				TargetAttributes = {
					1855B6D61C73FF9C00915A5D = {
						CreatedOnToolsVersion = 7.2.1;
					};
				};
			};
			buildConfigurationList = 1855B6D21C73FF9C00915A5D /* Build configuration list for PBXProject "SuperCoolNew" */;
			compatibilityVersion = "Xcode 3.2";
			developmentRegion = English;
			hasScannedForEncodings = 0;
			knownRegions = (
				en,
				Base,
			);
			mainGroup = 1855B6CE1C73FF9C00915A5D;
			productRefGroup = 1855B6D81C73FF9C00915A5D /* Products */;
			projectDirPath = "";
			projectRoot = "";
			targets = (
				1855B6D61C73FF9C00915A5D /* SuperCoolNew */,
			);
		};
/* End PBXProject section */

/* Begin PBXResourcesBuildPhase section */
		1855B6D51C73FF9C00915A5D /* Resources */ = {
			isa = PBXResourcesBuildPhase;
			buildActionMask = 2147483647;
			files = (
				1855B6E51C73FF9C00915A5D /* LaunchScreen.storyboard in Resources */,
				1855B6E21C73FF9C00915A5D /* Assets.xcassets in Resources */,
				1855B6E01C73FF9C00915A5D /* Main.storyboard in Resources */,
			);
			runOnlyForDeploymentPostprocessing = 0;
		};
/* End PBXResourcesBuildPhase section */

/* Begin PBXSourcesBuildPhase section */
		1855B6D31C73FF9C00915A5D /* Sources */ = {
			isa = PBXSourcesBuildPhase;
			buildActionMask = 2147483647;
			files = (
				1855B6DD1C73FF9C00915A5D /* ViewController.swift in Sources */,
				1855B6DB1C73FF9C00915A5D /* AppDelegate.swift in Sources */,
			);
			runOnlyForDeploymentPostprocessing = 0;
		};
/* End PBXSourcesBuildPhase section */

/* Begin PBXVariantGroup section */
		1855B6DE1C73FF9C00915A5D /* Main.storyboard */ = {
			isa = PBXVariantGroup;
			children = (
				1855B6DF1C73FF9C00915A5D /* Base */,
			);
			name = Main.storyboard;
			sourceTree = "<group>";
		};
		1855B6E31C73FF9C00915A5D /* LaunchScreen.storyboard */ = {
			isa = PBXVariantGroup;
			children = (
				1855B6E41C73FF9C00915A5D /* Base */,
			);
			name = LaunchScreen.storyboard;
			sourceTree = "<group>";
		};
/* End PBXVariantGroup section */

/* Begin XCBuildConfiguration section */
		1855B6E71C73FF9C00915A5D /* Debug */ = {
			isa = XCBuildConfiguration;
			buildSettings = {
				ALWAYS_SEARCH_USER_PATHS = NO;
				CLANG_CXX_LANGUAGE_STANDARD = "gnu++0x";
				CLANG_CXX_LIBRARY = "libc++";
				CLANG_ENABLE_MODULES = YES;
				CLANG_ENABLE_OBJC_ARC = YES;
				CLANG_WARN_BOOL_CONVERSION = YES;
				CLANG_WARN_CONSTANT_CONVERSION = YES;
				CLANG_WARN_DIRECT_OBJC_ISA_USAGE = YES_ERROR;
				CLANG_WARN_EMPTY_BODY = YES;
				CLANG_WARN_ENUM_CONVERSION = YES;
				CLANG_WARN_INT_CONVERSION = YES;
				CLANG_WARN_OBJC_ROOT_CLASS = YES_ERROR;
				CLANG_WARN_UNREACHABLE_CODE = YES;
				CLANG_WARN__DUPLICATE_METHOD_MATCH = YES;
				"CODE_SIGN_IDENTITY[sdk=iphoneos*]" = "iPhone Developer";
				COPY_PHASE_STRIP = NO;
				DEBUG_INFORMATION_FORMAT = dwarf;
				ENABLE_STRICT_OBJC_MSGSEND = YES;
				ENABLE_TESTABILITY = YES;
				GCC_C_LANGUAGE_STANDARD = gnu99;
				GCC_DYNAMIC_NO_PIC = NO;
				GCC_NO_COMMON_BLOCKS = YES;
				GCC_OPTIMIZATION_LEVEL = 0;
				GCC_PREPROCESSOR_DEFINITIONS = (
					"DEBUG=1",
					"$(inherited)",
				);
				GCC_WARN_64_TO_32_BIT_CONVERSION = YES;
				GCC_WARN_ABOUT_RETURN_TYPE = YES_ERROR;
				GCC_WARN_UNDECLARED_SELECTOR = YES;
				GCC_WARN_UNINITIALIZED_AUTOS = YES_AGGRESSIVE;
				GCC_WARN_UNUSED_FUNCTION = YES;
				GCC_WARN_UNUSED_VARIABLE = YES;
				IPHONEOS_DEPLOYMENT_TARGET = 9.2;
				MTL_ENABLE_DEBUG_INFO = YES;
				ONLY_ACTIVE_ARCH = YES;
				SDKROOT = iphoneos;
				SWIFT_OPTIMIZATION_LEVEL = "-Onone";
			};
			name = Debug;
		};
		1855B6E81C73FF9C00915A5D /* Release */ = {
			isa = XCBuildConfiguration;
			buildSettings = {
				ALWAYS_SEARCH_USER_PATHS = NO;
				CLANG_CXX_LANGUAGE_STANDARD = "gnu++0x";
				CLANG_CXX_LIBRARY = "libc++";
				CLANG_ENABLE_MODULES = YES;
				CLANG_ENABLE_OBJC_ARC = YES;
				CLANG_WARN_BOOL_CONVERSION = YES;
				CLANG_WARN_CONSTANT_CONVERSION = YES;
				CLANG_WARN_DIRECT_OBJC_ISA_USAGE = YES_ERROR;
				CLANG_WARN_EMPTY_BODY = YES;
				CLANG_WARN_ENUM_CONVERSION = YES;
				CLANG_WARN_INT_CONVERSION = YES;
				CLANG_WARN_OBJC_ROOT_CLASS = YES_ERROR;
				CLANG_WARN_UNREACHABLE_CODE = YES;
				CLANG_WARN__DUPLICATE_METHOD_MATCH = YES;
				"CODE_SIGN_IDENTITY[sdk=iphoneos*]" = "iPhone Developer";
				COPY_PHASE_STRIP = NO;
				DEBUG_INFORMATION_FORMAT = "dwarf-with-dsym";
				ENABLE_NS_ASSERTIONS = NO;
				ENABLE_STRICT_OBJC_MSGSEND = YES;
				GCC_C_LANGUAGE_STANDARD = gnu99;
				GCC_NO_COMMON_BLOCKS = YES;
				GCC_WARN_64_TO_32_BIT_CONVERSION = YES;
				GCC_WARN_ABOUT_RETURN_TYPE = YES_ERROR;
				GCC_WARN_UNDECLARED_SELECTOR = YES;
				GCC_WARN_UNINITIALIZED_AUTOS = YES_AGGRESSIVE;
				GCC_WARN_UNUSED_FUNCTION = YES;
				GCC_WARN_UNUSED_VARIABLE = YES;
				IPHONEOS_DEPLOYMENT_TARGET = 9.2;
				MTL_ENABLE_DEBUG_INFO = NO;
				SDKROOT = iphoneos;
				VALIDATE_PRODUCT = YES;
			};
			name = Release;
		};
		1855B6EA1C73FF9C00915A5D /* Debug */ = {
			isa = XCBuildConfiguration;
			buildSettings = {
				ASSETCATALOG_COMPILER_APPICON_NAME = AppIcon;
				INFOPLIST_FILE = SuperCoolNew/Info.plist;
				LD_RUNPATH_SEARCH_PATHS = "$(inherited) @executable_path/Frameworks";
				PRODUCT_BUNDLE_IDENTIFIER = com.zippymind.apps.mobile.SuperCoolNew;
				PRODUCT_NAME = "$(TARGET_NAME)";
			};
			name = Debug;
		};
		1855B6EB1C73FF9C00915A5D /* Release */ = {
			isa = XCBuildConfiguration;
			buildSettings = {
				ASSETCATALOG_COMPILER_APPICON_NAME = AppIcon;
				INFOPLIST_FILE = SuperCoolNew/Info.plist;
				LD_RUNPATH_SEARCH_PATHS = "$(inherited) @executable_path/Frameworks";
				PRODUCT_BUNDLE_IDENTIFIER = com.zippymind.apps.mobile.SuperCoolNew;
				PRODUCT_NAME = "$(TARGET_NAME)";
			};
			name = Release;
		};
/* End XCBuildConfiguration section */

/* Begin XCConfigurationList section */
		1855B6D21C73FF9C00915A5D /* Build configuration list for PBXProject "SuperCoolNew" */ = {
			isa = XCConfigurationList;
			buildConfigurations = (
				1855B6E71C73FF9C00915A5D /* Debug */,
				1855B6E81C73FF9C00915A5D /* Release */,
			);
			defaultConfigurationIsVisible = 0;
			defaultConfigurationName = Release;
		};
		1855B6E91C73FF9C00915A5D /* Build configuration list for PBXNativeTarget "SuperCoolNew" */ = {
			isa = XCConfigurationList;
			buildConfigurations = (
				1855B6EA1C73FF9C00915A5D /* Debug */,
				1855B6EB1C73FF9C00915A5D /* Release */,
			);
			defaultConfigurationIsVisible = 0;
		};
/* End XCConfigurationList section */
	};
	rootObject = 1855B6CF1C73FF9C00915A5D /* Project object */;
}
